<?xml version="1.0" encoding="utf-8"?>
<Project ToolsVersion="4.0" xmlns="http://schemas.microsoft.com/developer/msbuild/2003">
  <ItemGroup>
    <Filter Include="Fichiers sources">
      <UniqueIdentifier>{4FC737F1-C7A5-4376-A066-2A32D752A2FF}</UniqueIdentifier>
      <Extensions>cpp;c;cc;cxx;c++;cppm;ixx;def;odl;idl;hpj;bat;asm;asmx</Extensions>
    </Filter>
    <Filter Include="Fichiers d%27en-tête">
      <UniqueIdentifier>{93995380-89BD-4b04-88EB-625FBE52EBFB}</UniqueIdentifier>
      <Extensions>h;hh;hpp;hxx;h++;hm;inl;inc;ipp;xsd</Extensions>
    </Filter>
    <Filter Include="Fichiers de ressources">
      <UniqueIdentifier>{67DA6AB6-F800-4c08-8B7A-83BB121AAD01}</UniqueIdentifier>
      <Extensions>rc;ico;cur;bmp;dlg;rc2;rct;bin;rgs;gif;jpg;jpeg;jpe;resx;tiff;tif;png;wav;mfcribbon-ms</Extensions>
    </Filter>
    <Filter Include="Fichiers sources\fournitures">
      <UniqueIdentifier>{0fbb16a3-c1ad-4cc1-9a97-9c060d010e73}</UniqueIdentifier>
    </Filter>
    <Filter Include="Fichiers sources\tools">
      <UniqueIdentifier>{cd6e3978-1aec-4d47-aafc-a0e6eeee5c97}</UniqueIdentifier>
    </Filter>
    <Filter Include="Fichiers d%27en-tête\fournitures">
      <UniqueIdentifier>{6c8b046d-589a-4d4d-a662-ad9be7f42367}</UniqueIdentifier>
    </Filter>
    <Filter Include="Fichiers d%27en-tête\tools">
      <UniqueIdentifier>{662c0fd7-7859-4442-8c32-8ae6845790d6}</UniqueIdentifier>
    </Filter>
    <Filter Include="Fichiers sources\map related">
      <UniqueIdentifier>{df675c78-a3c5-4cb0-830f-f4d63e7001bd}</UniqueIdentifier>
    </Filter>
    <Filter Include="Fichiers d%27en-tête\map related">
      <UniqueIdentifier>{eb9d8dd1-2f36-413e-b816-8f64aa219cf6}</UniqueIdentifier>
    </Filter>
  </ItemGroup>
  <ItemGroup>
    <ClCompile Include="main.cpp">
      <Filter>Fichiers sources</Filter>
    </ClCompile>
    <ClCompile Include="player.cpp">
      <Filter>Fichiers sources</Filter>
    </ClCompile>
    <ClCompile Include="entity.cpp">
      <Filter>Fichiers sources</Filter>
    </ClCompile>
    <ClCompile Include="game.cpp">
      <Filter>Fichiers sources</Filter>
    </ClCompile>
    <ClCompile Include="gravity.cpp">
      <Filter>Fichiers sources</Filter>
    </ClCompile>
    <ClCompile Include="box.cpp">
      <Filter>Fichiers sources\fournitures</Filter>
    </ClCompile>
    <ClCompile Include="chair.cpp">
      <Filter>Fichiers sources\fournitures</Filter>
    </ClCompile>
    <ClCompile Include="closet.cpp">
      <Filter>Fichiers sources\fournitures</Filter>
    </ClCompile>
    <ClCompile Include="desk.cpp">
      <Filter>Fichiers sources\fournitures</Filter>
    </ClCompile>
    <ClCompile Include="shelf.cpp">
      <Filter>Fichiers sources\fournitures</Filter>
    </ClCompile>
    <ClCompile Include="lamp.cpp">
      <Filter>Fichiers sources\tools</Filter>
    </ClCompile>
    <ClCompile Include="robotic_arm.cpp">
      <Filter>Fichiers sources\tools</Filter>
    </ClCompile>
    <ClCompile Include="mapElements.cpp">
      <Filter>Fichiers sources\map related</Filter>
    </ClCompile>
    <ClCompile Include="wall.cpp">
      <Filter>Fichiers sources\map related</Filter>
    </ClCompile>
    <ClCompile Include="map.cpp">
      <Filter>Fichiers sources\map related</Filter>
    </ClCompile>
    <ClCompile Include="entityManager.cpp">
      <Filter>Fichiers sources</Filter>
    </ClCompile>
    <ClCompile Include="raycast.cpp">
      <Filter>Fichiers sources</Filter>
    </ClCompile>
    <ClCompile Include="game.cpp">
      <Filter>Fichiers sources</Filter>
    </ClCompile>
    <ClCompile Include="gravity.cpp">
      <Filter>Fichiers sources</Filter>
    </ClCompile>
    <ClCompile Include="menu.cpp">
      <Filter>Fichiers sources</Filter>
    </ClCompile>
    <ClCompile Include="menu_manager.cpp">
      <Filter>Fichiers sources</Filter>
    </ClCompile>
    <ClCompile Include="button.cpp">
      <Filter>Fichiers sources</Filter>
    </ClCompile>
    <ClCompile Include="door.cpp">
      <Filter>Fichiers sources</Filter>
    </ClCompile>
    <ClCompile Include="bookShelf.cpp">
      <Filter>Fichiers sources</Filter>
    </ClCompile>
  </ItemGroup>
  <ItemGroup>
    <ClInclude Include="player.h">
      <Filter>Fichiers d%27en-tête</Filter>
    </ClInclude>
    <ClInclude Include="entity.h">
      <Filter>Fichiers d%27en-tête</Filter>
    </ClInclude>
    <ClInclude Include="game.h">
      <Filter>Fichiers d%27en-tête</Filter>
    </ClInclude>
    <ClInclude Include="gravity.h">
      <Filter>Fichiers d%27en-tête</Filter>
    </ClInclude>
    <ClInclude Include="game.h">
      <Filter>Fichiers d%27en-tête</Filter>
    </ClInclude>
    <ClInclude Include="gravity.h">
      <Filter>Fichiers d%27en-tête</Filter>
    </ClInclude>
    <ClInclude Include="menu.h">
      <Filter>Fichiers d%27en-tête</Filter>
    </ClInclude>
    <ClInclude Include="menu_manager.h">
      <Filter>Fichiers d%27en-tête</Filter>
    </ClInclude>
    <ClInclude Include="button.h">
      <Filter>Fichiers d%27en-tête</Filter>
    </ClInclude>
    <ClInclude Include="door.h">
      <Filter>Fichiers d%27en-tête</Filter>
    </ClInclude>
    <ClInclude Include="bookShelf.h">
      <Filter>Fichiers d%27en-tête</Filter>
    </ClInclude>
  </ItemGroup>
  <ItemGroup>
    <Text Include="rules.txt" />
    <ClInclude Include="box.h">
      <Filter>Fichiers d%27en-tête\fournitures</Filter>
    </ClInclude>
    <ClInclude Include="chair.h">
      <Filter>Fichiers d%27en-tête\fournitures</Filter>
    </ClInclude>
    <ClInclude Include="closet.h">
      <Filter>Fichiers d%27en-tête\fournitures</Filter>
    </ClInclude>
    <ClInclude Include="desk.h">
      <Filter>Fichiers d%27en-tête\fournitures</Filter>
    </ClInclude>
    <ClInclude Include="shelf.h">
      <Filter>Fichiers d%27en-tête\fournitures</Filter>
    </ClInclude>
    <ClInclude Include="lamp.h">
      <Filter>Fichiers d%27en-tête\tools</Filter>
    </ClInclude>
    <ClInclude Include="robotic_arm.h">
      <Filter>Fichiers d%27en-tête\tools</Filter>
    </ClInclude>
    <ClInclude Include="wall.h">
      <Filter>Fichiers d%27en-tête\map related</Filter>
    </ClInclude>
    <ClInclude Include="mapElements.h">
      <Filter>Fichiers d%27en-tête\map related</Filter>
    </ClInclude>
    <ClInclude Include="map.h">
      <Filter>Fichiers d%27en-tête\map related</Filter>
    </ClInclude>
    <ClInclude Include="entityManager.h">
      <Filter>Fichiers d%27en-tête</Filter>
    </ClInclude>
    <ClInclude Include="window.h">
      <Filter>Fichiers d%27en-tête</Filter>
    </ClInclude>
    <ClInclude Include="raycast.h">
      <Filter>Fichiers d%27en-tête</Filter>
    </ClInclude>
  </ItemGroup>
  <ItemGroup>
    <Text Include="rules.txt" />
  </ItemGroup>
</Project>