<?xml version="1.0" encoding="utf-8"?>
<Project ToolsVersion="4.0" xmlns="http://schemas.microsoft.com/developer/msbuild/2003">
  <ItemGroup>
    <ClCompile Include="backpack.cpp" />
    <ClCompile Include="box.cpp" />
    <ClCompile Include="button.cpp" />
    <ClCompile Include="chair.cpp" />
    <ClCompile Include="closet.cpp" />
    <ClCompile Include="desk.cpp" />
    <ClCompile Include="dialogue_box.cpp" />
    <ClCompile Include="digit.cpp" />
    <ClCompile Include="door.cpp" />
    <ClCompile Include="entity.cpp" />
    <ClCompile Include="entityManager.cpp" />
    <ClCompile Include="game.cpp" />
    <ClCompile Include="gravity.cpp" />
    <ClCompile Include="lamp.cpp" />
    <ClCompile Include="main.cpp" />
    <ClCompile Include="menu.cpp" />
    <ClCompile Include="menu_manager.cpp" />
    <ClCompile Include="map.cpp" />
    <ClCompile Include="mapElements.cpp" />
    <ClCompile Include="npc.cpp" />
    <ClCompile Include="player.cpp" />
    <ClCompile Include="raycaster.cpp" />
    <ClCompile Include="robotic_arm.cpp" />
    <ClCompile Include="shelf.cpp" />
    <ClCompile Include="stain.cpp" />
    <ClCompile Include="terminal.cpp" />
    <ClCompile Include="wall.cpp" />
    <ClCompile Include="water_jet.cpp" />
    <ClCompile Include="enemy.cpp" />
    <ClCompile Include="tileManager.cpp" />
    <ClCompile Include="empty.cpp" />
  </ItemGroup>
  <ItemGroup>
    <ClInclude Include="backpack.h" />
    <ClInclude Include="box.h" />
    <ClInclude Include="button.h" />
    <ClInclude Include="chair.h" />
    <ClInclude Include="closet.h" />
    <ClInclude Include="desk.h" />
    <ClInclude Include="dialogue_box.h" />
    <ClInclude Include="digit.h" />
    <ClInclude Include="door.h" />
    <ClInclude Include="entity.h" />
    <ClInclude Include="entityManager.h" />
    <ClInclude Include="game.h" />
    <ClInclude Include="gravity.h" />
    <ClInclude Include="menu.h" />
    <ClInclude Include="menu_manager.h" />
    <ClInclude Include="lamp.h" />
    <ClInclude Include="map.h" />
    <ClInclude Include="mapElements.h" />
    <ClInclude Include="npc.h" />
    <ClInclude Include="player.h" />
    <ClInclude Include="raycaster.h" />
    <ClInclude Include="robotic_arm.h" />
    <ClInclude Include="shelf.h" />
    <ClInclude Include="stain.h" />
    <ClInclude Include="terminal.h" />
    <ClInclude Include="tools_include.h" />
    <ClInclude Include="wall.h" />
    <ClInclude Include="water_jet.h" />
    <ClInclude Include="enemy.h" />
    <ClInclude Include="tileManager.h" />
    <ClInclude Include="empty.h" />
  </ItemGroup>
  <ItemGroup>
    <Text Include="rules.txt" />
  </ItemGroup>
</Project>